
Microsoft Visual Studio Solution File, Format Version 12.00
# Visual Studio Version 17
VisualStudioVersion = 17.11.35312.102
MinimumVisualStudioVersion = 10.0.40219.1
Project("{FAE04EC0-301F-11D3-BF4B-00C04F79EFBC}") = "PresentationLayer", "PresentationLayer\PresentationLayer.csproj", "{56252CD2-D037-4F8C-B3F8-0BFE945626E6}"
	ProjectSection(ProjectDependencies) = postProject
		{715E6334-5EEB-4D7D-A6CE-B4078570A194} = {715E6334-5EEB-4D7D-A6CE-B4078570A194}
	EndProjectSection
EndProject
Project("{FAE04EC0-301F-11D3-BF4B-00C04F79EFBC}") = "DataLayer", "DataLayer\DataLayer.csproj", "{09BCA065-8B54-4E4A-A84E-37745C087656}"
EndProject
Project("{FAE04EC0-301F-11D3-BF4B-00C04F79EFBC}") = "BusinessLogicLayer", "BusinessLogicLayer\BusinessLogicLayer.csproj", "{715E6334-5EEB-4D7D-A6CE-B4078570A194}"
	ProjectSection(ProjectDependencies) = postProject
		{09BCA065-8B54-4E4A-A84E-37745C087656} = {09BCA065-8B54-4E4A-A84E-37745C087656}
	EndProjectSection
EndProject
Global
	GlobalSection(SolutionConfigurationPlatforms) = preSolution
		Debug|Any CPU = Debug|Any CPU
		Release|Any CPU = Release|Any CPU
	EndGlobalSection
	GlobalSection(ProjectConfigurationPlatforms) = postSolution
		{56252CD2-D037-4F8C-B3F8-0BFE945626E6}.Debug|Any CPU.ActiveCfg = Debug|Any CPU
		{56252CD2-D037-4F8C-B3F8-0BFE945626E6}.Debug|Any CPU.Build.0 = Debug|Any CPU
		{56252CD2-D037-4F8C-B3F8-0BFE945626E6}.Release|Any CPU.ActiveCfg = Release|Any CPU
		{56252CD2-D037-4F8C-B3F8-0BFE945626E6}.Release|Any CPU.Build.0 = Release|Any CPU
		{09BCA065-8B54-4E4A-A84E-37745C087656}.Debug|Any CPU.ActiveCfg = Debug|Any CPU
		{09BCA065-8B54-4E4A-A84E-37745C087656}.Debug|Any CPU.Build.0 = Debug|Any CPU
		{09BCA065-8B54-4E4A-A84E-37745C087656}.Release|Any CPU.ActiveCfg = Release|Any CPU
		{09BCA065-8B54-4E4A-A84E-37745C087656}.Release|Any CPU.Build.0 = Release|Any CPU
		{715E6334-5EEB-4D7D-A6CE-B4078570A194}.Debug|Any CPU.ActiveCfg = Debug|Any CPU
		{715E6334-5EEB-4D7D-A6CE-B4078570A194}.Debug|Any CPU.Build.0 = Debug|Any CPU
		{715E6334-5EEB-4D7D-A6CE-B4078570A194}.Release|Any CPU.ActiveCfg = Release|Any CPU
		{715E6334-5EEB-4D7D-A6CE-B4078570A194}.Release|Any CPU.Build.0 = Release|Any CPU
	EndGlobalSection
	GlobalSection(SolutionProperties) = preSolution
		HideSolutionNode = FALSE
	EndGlobalSection
	GlobalSection(ExtensibilityGlobals) = postSolution
		SolutionGuid = {04A88BC3-D8B6-41D4-898E-19EC0E710F87}
	EndGlobalSection
EndGlobal
